<?xml version="1.0" encoding="utf-8"?>
<Project ToolsVersion="4.0" xmlns="http://schemas.microsoft.com/developer/msbuild/2003">
  <ItemGroup>
    <Filter Include="Source">
      <UniqueIdentifier>{4FC737F1-C7A5-4376-A066-2A32D752A2FF}</UniqueIdentifier>
      <Extensions>cpp;c;cc;cxx;c++;cppm;ixx;def;odl;idl;hpj;bat;asm;asmx</Extensions>
    </Filter>
    <Filter Include="Source\Header">
      <UniqueIdentifier>{ed6e0244-daf7-4acc-a087-57f517c2a54f}</UniqueIdentifier>
    </Filter>
    <Filter Include="Source\CPP">
      <UniqueIdentifier>{6dcde94e-2ff4-413b-ab3c-23e987987520}</UniqueIdentifier>
    </Filter>
  </ItemGroup>
  <ItemGroup>
    <ClCompile Include="Main.cpp">
      <Filter>Source</Filter>
    </ClCompile>
    <ClCompile Include="Player.cpp">
      <Filter>Source\CPP</Filter>
    </ClCompile>
    <ClCompile Include="Enemy.cpp">
      <Filter>Source\CPP</Filter>
    </ClCompile>
    <ClCompile Include="Weapon.cpp">
      <Filter>Source\CPP</Filter>
    </ClCompile>
    <ClCompile Include="SpaceGame.cpp">
      <Filter>Source\CPP</Filter>
    </ClCompile>
  </ItemGroup>
  <ItemGroup>
    <ClInclude Include="Player.h">
      <Filter>Source\Header</Filter>
    </ClInclude>
    <ClInclude Include="Enemy.h">
      <Filter>Source\Header</Filter>
    </ClInclude>
    <ClInclude Include="Weapon.h">
      <Filter>Source\Header</Filter>
    </ClInclude>
    <ClInclude Include="SpaceGame.h">
      <Filter>Source\Header</Filter>
    </ClInclude>
  </ItemGroup>
</Project>