
Microsoft Visual Studio Solution File, Format Version 12.00
# Visual Studio Version 16
VisualStudioVersion = 16.0.33423.256
MinimumVisualStudioVersion = 10.0.40219.1
Project("{2150E333-8FDC-42A3-9474-1A3956D46DE8}") = "Engine", "Engine", "{EA83A631-8DE5-4272-AFEC-65E16AB7B30E}"
EndProject
Project("{2150E333-8FDC-42A3-9474-1A3956D46DE8}") = "Game", "Game", "{6D26D3B4-6D09-48C4-9E5E-95FCA1B41A76}"
EndProject
Project("{8BC9CEB8-8B4A-11D0-8D11-00A0C91BC942}") = "Game", "Game\Game.vcxproj", "{25E2539A-6CFF-438B-8785-96A683F3E77A}"
EndProject
Project("{8BC9CEB8-8B4A-11D0-8D11-00A0C91BC942}") = "Core", "Source\Engine\Core\Core.vcxproj", "{0E05E334-0E25-40F7-8FB3-16671A23DFDF}"
EndProject
Project("{8BC9CEB8-8B4A-11D0-8D11-00A0C91BC942}") = "Renderer", "Source\Engine\Renderer\Renderer.vcxproj", "{EB3DB648-7714-48C5-AF0C-07A4D9A08751}"
EndProject
Project("{8BC9CEB8-8B4A-11D0-8D11-00A0C91BC942}") = "Input", "Input\Input.vcxproj", "{9F42B833-1A4C-4C57-8ADB-6ED0F364CF54}"
EndProject
Project("{8BC9CEB8-8B4A-11D0-8D11-00A0C91BC942}") = "Audio", "Audio\Audio.vcxproj", "{1031187F-4E79-4D61-B426-0B28E8CD4A95}"
EndProject
Project("{8BC9CEB8-8B4A-11D0-8D11-00A0C91BC942}") = "Framework", "Source\Engine\Framework\Framework.vcxproj", "{3AE12312-1E79-4FC8-9F6A-D9A7846984B0}"
EndProject
Global
	GlobalSection(SolutionConfigurationPlatforms) = preSolution
		Debug|x64 = Debug|x64
		Debug|x86 = Debug|x86
		Release|x64 = Release|x64
		Release|x86 = Release|x86
	EndGlobalSection
	GlobalSection(ProjectConfigurationPlatforms) = postSolution
		{25E2539A-6CFF-438B-8785-96A683F3E77A}.Debug|x64.ActiveCfg = Debug|x64
		{25E2539A-6CFF-438B-8785-96A683F3E77A}.Debug|x64.Build.0 = Debug|x64
		{25E2539A-6CFF-438B-8785-96A683F3E77A}.Debug|x86.ActiveCfg = Debug|Win32
		{25E2539A-6CFF-438B-8785-96A683F3E77A}.Debug|x86.Build.0 = Debug|Win32
		{25E2539A-6CFF-438B-8785-96A683F3E77A}.Release|x64.ActiveCfg = Release|x64
		{25E2539A-6CFF-438B-8785-96A683F3E77A}.Release|x64.Build.0 = Release|x64
		{25E2539A-6CFF-438B-8785-96A683F3E77A}.Release|x86.ActiveCfg = Release|Win32
		{25E2539A-6CFF-438B-8785-96A683F3E77A}.Release|x86.Build.0 = Release|Win32
		{0E05E334-0E25-40F7-8FB3-16671A23DFDF}.Debug|x64.ActiveCfg = Debug|x64
		{0E05E334-0E25-40F7-8FB3-16671A23DFDF}.Debug|x64.Build.0 = Debug|x64
		{0E05E334-0E25-40F7-8FB3-16671A23DFDF}.Debug|x86.ActiveCfg = Debug|Win32
		{0E05E334-0E25-40F7-8FB3-16671A23DFDF}.Debug|x86.Build.0 = Debug|Win32
		{0E05E334-0E25-40F7-8FB3-16671A23DFDF}.Release|x64.ActiveCfg = Release|x64
		{0E05E334-0E25-40F7-8FB3-16671A23DFDF}.Release|x64.Build.0 = Release|x64
		{0E05E334-0E25-40F7-8FB3-16671A23DFDF}.Release|x86.ActiveCfg = Release|Win32
		{0E05E334-0E25-40F7-8FB3-16671A23DFDF}.Release|x86.Build.0 = Release|Win32
		{EB3DB648-7714-48C5-AF0C-07A4D9A08751}.Debug|x64.ActiveCfg = Debug|x64
		{EB3DB648-7714-48C5-AF0C-07A4D9A08751}.Debug|x64.Build.0 = Debug|x64
		{EB3DB648-7714-48C5-AF0C-07A4D9A08751}.Debug|x86.ActiveCfg = Debug|Win32
		{EB3DB648-7714-48C5-AF0C-07A4D9A08751}.Debug|x86.Build.0 = Debug|Win32
		{EB3DB648-7714-48C5-AF0C-07A4D9A08751}.Release|x64.ActiveCfg = Release|x64
		{EB3DB648-7714-48C5-AF0C-07A4D9A08751}.Release|x64.Build.0 = Release|x64
		{EB3DB648-7714-48C5-AF0C-07A4D9A08751}.Release|x86.ActiveCfg = Release|Win32
		{EB3DB648-7714-48C5-AF0C-07A4D9A08751}.Release|x86.Build.0 = Release|Win32
		{9F42B833-1A4C-4C57-8ADB-6ED0F364CF54}.Debug|x64.ActiveCfg = Debug|x64
		{9F42B833-1A4C-4C57-8ADB-6ED0F364CF54}.Debug|x64.Build.0 = Debug|x64
		{9F42B833-1A4C-4C57-8ADB-6ED0F364CF54}.Debug|x86.ActiveCfg = Debug|Win32
		{9F42B833-1A4C-4C57-8ADB-6ED0F364CF54}.Debug|x86.Build.0 = Debug|Win32
		{9F42B833-1A4C-4C57-8ADB-6ED0F364CF54}.Release|x64.ActiveCfg = Release|x64
		{9F42B833-1A4C-4C57-8ADB-6ED0F364CF54}.Release|x64.Build.0 = Release|x64
		{9F42B833-1A4C-4C57-8ADB-6ED0F364CF54}.Release|x86.ActiveCfg = Release|Win32
		{9F42B833-1A4C-4C57-8ADB-6ED0F364CF54}.Release|x86.Build.0 = Release|Win32
		{1031187F-4E79-4D61-B426-0B28E8CD4A95}.Debug|x64.ActiveCfg = Debug|x64
		{1031187F-4E79-4D61-B426-0B28E8CD4A95}.Debug|x64.Build.0 = Debug|x64
		{1031187F-4E79-4D61-B426-0B28E8CD4A95}.Debug|x86.ActiveCfg = Debug|Win32
		{1031187F-4E79-4D61-B426-0B28E8CD4A95}.Debug|x86.Build.0 = Debug|Win32
		{1031187F-4E79-4D61-B426-0B28E8CD4A95}.Release|x64.ActiveCfg = Release|x64
		{1031187F-4E79-4D61-B426-0B28E8CD4A95}.Release|x64.Build.0 = Release|x64
		{1031187F-4E79-4D61-B426-0B28E8CD4A95}.Release|x86.ActiveCfg = Release|Win32
		{1031187F-4E79-4D61-B426-0B28E8CD4A95}.Release|x86.Build.0 = Release|Win32
		{3AE12312-1E79-4FC8-9F6A-D9A7846984B0}.Debug|x64.ActiveCfg = Debug|x64
		{3AE12312-1E79-4FC8-9F6A-D9A7846984B0}.Debug|x64.Build.0 = Debug|x64
		{3AE12312-1E79-4FC8-9F6A-D9A7846984B0}.Debug|x86.ActiveCfg = Debug|Win32
		{3AE12312-1E79-4FC8-9F6A-D9A7846984B0}.Debug|x86.Build.0 = Debug|Win32
		{3AE12312-1E79-4FC8-9F6A-D9A7846984B0}.Release|x64.ActiveCfg = Release|x64
		{3AE12312-1E79-4FC8-9F6A-D9A7846984B0}.Release|x64.Build.0 = Release|x64
		{3AE12312-1E79-4FC8-9F6A-D9A7846984B0}.Release|x86.ActiveCfg = Release|Win32
		{3AE12312-1E79-4FC8-9F6A-D9A7846984B0}.Release|x86.Build.0 = Release|Win32
	EndGlobalSection
	GlobalSection(SolutionProperties) = preSolution
		HideSolutionNode = FALSE
	EndGlobalSection
	GlobalSection(NestedProjects) = preSolution
		{25E2539A-6CFF-438B-8785-96A683F3E77A} = {6D26D3B4-6D09-48C4-9E5E-95FCA1B41A76}
		{0E05E334-0E25-40F7-8FB3-16671A23DFDF} = {EA83A631-8DE5-4272-AFEC-65E16AB7B30E}
		{EB3DB648-7714-48C5-AF0C-07A4D9A08751} = {EA83A631-8DE5-4272-AFEC-65E16AB7B30E}
		{9F42B833-1A4C-4C57-8ADB-6ED0F364CF54} = {EA83A631-8DE5-4272-AFEC-65E16AB7B30E}
		{1031187F-4E79-4D61-B426-0B28E8CD4A95} = {EA83A631-8DE5-4272-AFEC-65E16AB7B30E}
		{3AE12312-1E79-4FC8-9F6A-D9A7846984B0} = {EA83A631-8DE5-4272-AFEC-65E16AB7B30E}
	EndGlobalSection
	GlobalSection(ExtensibilityGlobals) = postSolution
		SolutionGuid = {B26A3744-C54D-4228-AF40-0ED83A4E520D}
	EndGlobalSection
EndGlobal
